// !$*UTF8*$!
{
	archiveVersion = 1;
	classes = {
	};
	objectVersion = 55;
	objects = {

/* Begin PBXBuildFile section */
		789A3403283B8A1200B60A92 /* AppDelegate.swift in Sources */ = {isa = PBXBuildFile; fileRef = 789A3402283B8A1200B60A92 /* AppDelegate.swift */; };
		789A3405283B8A1200B60A92 /* SceneDelegate.swift in Sources */ = {isa = PBXBuildFile; fileRef = 789A3404283B8A1200B60A92 /* SceneDelegate.swift */; };
		789A3407283B8A1200B60A92 /* ViewController.swift in Sources */ = {isa = PBXBuildFile; fileRef = 789A3406283B8A1200B60A92 /* ViewController.swift */; };
		789A340A283B8A1200B60A92 /* Main.storyboard in Resources */ = {isa = PBXBuildFile; fileRef = 789A3408283B8A1200B60A92 /* Main.storyboard */; };
		789A340D283B8A1200B60A92 /* CoreDataTest.xcdatamodeld in Sources */ = {isa = PBXBuildFile; fileRef = 789A340B283B8A1200B60A92 /* CoreDataTest.xcdatamodeld */; };
		789A340F283B8A1400B60A92 /* Assets.xcassets in Resources */ = {isa = PBXBuildFile; fileRef = 789A340E283B8A1400B60A92 /* Assets.xcassets */; };
		789A3412283B8A1400B60A92 /* LaunchScreen.storyboard in Resources */ = {isa = PBXBuildFile; fileRef = 789A3410283B8A1400B60A92 /* LaunchScreen.storyboard */; };
		789A341D283B8A1400B60A92 /* CoreDataTestTests.swift in Sources */ = {isa = PBXBuildFile; fileRef = 789A341C283B8A1400B60A92 /* CoreDataTestTests.swift */; };
		789A3427283B8A1400B60A92 /* CoreDataTestUITests.swift in Sources */ = {isa = PBXBuildFile; fileRef = 789A3426283B8A1400B60A92 /* CoreDataTestUITests.swift */; };
		789A3429283B8A1400B60A92 /* CoreDataTestUITestsLaunchTests.swift in Sources */ = {isa = PBXBuildFile; fileRef = 789A3428283B8A1400B60A92 /* CoreDataTestUITestsLaunchTests.swift */; };
/* End PBXBuildFile section */

/* Begin PBXContainerItemProxy section */
		789A3419283B8A1400B60A92 /* PBXContainerItemProxy */ = {
			isa = PBXContainerItemProxy;
			containerPortal = 789A33F7283B8A1200B60A92 /* Project object */;
			proxyType = 1;
			remoteGlobalIDString = 789A33FE283B8A1200B60A92;
			remoteInfo = CoreDataTest;
		};
		789A3423283B8A1400B60A92 /* PBXContainerItemProxy */ = {
			isa = PBXContainerItemProxy;
			containerPortal = 789A33F7283B8A1200B60A92 /* Project object */;
			proxyType = 1;
			remoteGlobalIDString = 789A33FE283B8A1200B60A92;
			remoteInfo = CoreDataTest;
		};
/* End PBXContainerItemProxy section */

/* Begin PBXFileReference section */
		789A33FF283B8A1200B60A92 /* CoreDataTest.app */ = {isa = PBXFileReference; explicitFileType = wrapper.application; includeInIndex = 0; path = CoreDataTest.app; sourceTree = BUILT_PRODUCTS_DIR; };
		789A3402283B8A1200B60A92 /* AppDelegate.swift */ = {isa = PBXFileReference; lastKnownFileType = sourcecode.swift; path = AppDelegate.swift; sourceTree = "<group>"; };
		789A3404283B8A1200B60A92 /* SceneDelegate.swift */ = {isa = PBXFileReference; lastKnownFileType = sourcecode.swift; path = SceneDelegate.swift; sourceTree = "<group>"; };
		789A3406283B8A1200B60A92 /* ViewController.swift */ = {isa = PBXFileReference; lastKnownFileType = sourcecode.swift; path = ViewController.swift; sourceTree = "<group>"; };
		789A3409283B8A1200B60A92 /* Base */ = {isa = PBXFileReference; lastKnownFileType = file.storyboard; name = Base; path = Base.lproj/Main.storyboard; sourceTree = "<group>"; };
		789A340C283B8A1200B60A92 /* CoreDataTest.xcdatamodel */ = {isa = PBXFileReference; lastKnownFileType = wrapper.xcdatamodel; path = CoreDataTest.xcdatamodel; sourceTree = "<group>"; };
		789A340E283B8A1400B60A92 /* Assets.xcassets */ = {isa = PBXFileReference; lastKnownFileType = folder.assetcatalog; path = Assets.xcassets; sourceTree = "<group>"; };
		789A3411283B8A1400B60A92 /* Base */ = {isa = PBXFileReference; lastKnownFileType = file.storyboard; name = Base; path = Base.lproj/LaunchScreen.storyboard; sourceTree = "<group>"; };
		789A3413283B8A1400B60A92 /* Info.plist */ = {isa = PBXFileReference; lastKnownFileType = text.plist.xml; path = Info.plist; sourceTree = "<group>"; };
		789A3418283B8A1400B60A92 /* CoreDataTestTests.xctest */ = {isa = PBXFileReference; explicitFileType = wrapper.cfbundle; includeInIndex = 0; path = CoreDataTestTests.xctest; sourceTree = BUILT_PRODUCTS_DIR; };
		789A341C283B8A1400B60A92 /* CoreDataTestTests.swift */ = {isa = PBXFileReference; lastKnownFileType = sourcecode.swift; path = CoreDataTestTests.swift; sourceTree = "<group>"; };
		789A3422283B8A1400B60A92 /* CoreDataTestUITests.xctest */ = {isa = PBXFileReference; explicitFileType = wrapper.cfbundle; includeInIndex = 0; path = CoreDataTestUITests.xctest; sourceTree = BUILT_PRODUCTS_DIR; };
		789A3426283B8A1400B60A92 /* CoreDataTestUITests.swift */ = {isa = PBXFileReference; lastKnownFileType = sourcecode.swift; path = CoreDataTestUITests.swift; sourceTree = "<group>"; };
		789A3428283B8A1400B60A92 /* CoreDataTestUITestsLaunchTests.swift */ = {isa = PBXFileReference; lastKnownFileType = sourcecode.swift; path = CoreDataTestUITestsLaunchTests.swift; sourceTree = "<group>"; };
/* End PBXFileReference section */

/* Begin PBXFrameworksBuildPhase section */
		789A33FC283B8A1200B60A92 /* Frameworks */ = {
			isa = PBXFrameworksBuildPhase;
			buildActionMask = 2147483647;
			files = (
			);
			runOnlyForDeploymentPostprocessing = 0;
		};
		789A3415283B8A1400B60A92 /* Frameworks */ = {
			isa = PBXFrameworksBuildPhase;
			buildActionMask = 2147483647;
			files = (
			);
			runOnlyForDeploymentPostprocessing = 0;
		};
		789A341F283B8A1400B60A92 /* Frameworks */ = {
			isa = PBXFrameworksBuildPhase;
			buildActionMask = 2147483647;
			files = (
			);
			runOnlyForDeploymentPostprocessing = 0;
		};
/* End PBXFrameworksBuildPhase section */

/* Begin PBXGroup section */
		789A33F6283B8A1200B60A92 = {
			isa = PBXGroup;
			children = (
				789A3401283B8A1200B60A92 /* CoreDataTest */,
				789A341B283B8A1400B60A92 /* CoreDataTestTests */,
				789A3425283B8A1400B60A92 /* CoreDataTestUITests */,
				789A3400283B8A1200B60A92 /* Products */,
			);
			sourceTree = "<group>";
		};
		789A3400283B8A1200B60A92 /* Products */ = {
			isa = PBXGroup;
			children = (
				789A33FF283B8A1200B60A92 /* CoreDataTest.app */,
				789A3418283B8A1400B60A92 /* CoreDataTestTests.xctest */,
				789A3422283B8A1400B60A92 /* CoreDataTestUITests.xctest */,
			);
			name = Products;
			sourceTree = "<group>";
		};
		789A3401283B8A1200B60A92 /* CoreDataTest */ = {
			isa = PBXGroup;
			children = (
				789A3402283B8A1200B60A92 /* AppDelegate.swift */,
				789A3404283B8A1200B60A92 /* SceneDelegate.swift */,
				789A3406283B8A1200B60A92 /* ViewController.swift */,
				789A3408283B8A1200B60A92 /* Main.storyboard */,
				789A340E283B8A1400B60A92 /* Assets.xcassets */,
				789A3410283B8A1400B60A92 /* LaunchScreen.storyboard */,
				789A3413283B8A1400B60A92 /* Info.plist */,
				789A340B283B8A1200B60A92 /* CoreDataTest.xcdatamodeld */,
			);
			path = CoreDataTest;
			sourceTree = "<group>";
		};
		789A341B283B8A1400B60A92 /* CoreDataTestTests */ = {
			isa = PBXGroup;
			children = (
				789A341C283B8A1400B60A92 /* CoreDataTestTests.swift */,
			);
			path = CoreDataTestTests;
			sourceTree = "<group>";
		};
		789A3425283B8A1400B60A92 /* CoreDataTestUITests */ = {
			isa = PBXGroup;
			children = (
				789A3426283B8A1400B60A92 /* CoreDataTestUITests.swift */,
				789A3428283B8A1400B60A92 /* CoreDataTestUITestsLaunchTests.swift */,
			);
			path = CoreDataTestUITests;
			sourceTree = "<group>";
		};
/* End PBXGroup section */

/* Begin PBXNativeTarget section */
		789A33FE283B8A1200B60A92 /* CoreDataTest */ = {
			isa = PBXNativeTarget;
			buildConfigurationList = 789A342C283B8A1400B60A92 /* Build configuration list for PBXNativeTarget "CoreDataTest" */;
			buildPhases = (
				789A33FB283B8A1200B60A92 /* Sources */,
				789A33FC283B8A1200B60A92 /* Frameworks */,
				789A33FD283B8A1200B60A92 /* Resources */,
			);
			buildRules = (
			);
			dependencies = (
			);
			name = CoreDataTest;
			productName = CoreDataTest;
			productReference = 789A33FF283B8A1200B60A92 /* CoreDataTest.app */;
			productType = "com.apple.product-type.application";
		};
		789A3417283B8A1400B60A92 /* CoreDataTestTests */ = {
			isa = PBXNativeTarget;
			buildConfigurationList = 789A342F283B8A1400B60A92 /* Build configuration list for PBXNativeTarget "CoreDataTestTests" */;
			buildPhases = (
				789A3414283B8A1400B60A92 /* Sources */,
				789A3415283B8A1400B60A92 /* Frameworks */,
				789A3416283B8A1400B60A92 /* Resources */,
			);
			buildRules = (
			);
			dependencies = (
				789A341A283B8A1400B60A92 /* PBXTargetDependency */,
			);
			name = CoreDataTestTests;
			productName = CoreDataTestTests;
			productReference = 789A3418283B8A1400B60A92 /* CoreDataTestTests.xctest */;
			productType = "com.apple.product-type.bundle.unit-test";
		};
		789A3421283B8A1400B60A92 /* CoreDataTestUITests */ = {
			isa = PBXNativeTarget;
			buildConfigurationList = 789A3432283B8A1400B60A92 /* Build configuration list for PBXNativeTarget "CoreDataTestUITests" */;
			buildPhases = (
				789A341E283B8A1400B60A92 /* Sources */,
				789A341F283B8A1400B60A92 /* Frameworks */,
				789A3420283B8A1400B60A92 /* Resources */,
			);
			buildRules = (
			);
			dependencies = (
				789A3424283B8A1400B60A92 /* PBXTargetDependency */,
			);
			name = CoreDataTestUITests;
			productName = CoreDataTestUITests;
			productReference = 789A3422283B8A1400B60A92 /* CoreDataTestUITests.xctest */;
			productType = "com.apple.product-type.bundle.ui-testing";
		};
/* End PBXNativeTarget section */

/* Begin PBXProject section */
		789A33F7283B8A1200B60A92 /* Project object */ = {
			isa = PBXProject;
			attributes = {
				BuildIndependentTargetsInParallel = 1;
				LastSwiftUpdateCheck = 1310;
				LastUpgradeCheck = 1310;
				TargetAttributes = {
					789A33FE283B8A1200B60A92 = {
						CreatedOnToolsVersion = 13.1;
					};
					789A3417283B8A1400B60A92 = {
						CreatedOnToolsVersion = 13.1;
						TestTargetID = 789A33FE283B8A1200B60A92;
					};
					789A3421283B8A1400B60A92 = {
						CreatedOnToolsVersion = 13.1;
						TestTargetID = 789A33FE283B8A1200B60A92;
					};
				};
			};
			buildConfigurationList = 789A33FA283B8A1200B60A92 /* Build configuration list for PBXProject "CoreDataTest" */;
			compatibilityVersion = "Xcode 13.0";
			developmentRegion = en;
			hasScannedForEncodings = 0;
			knownRegions = (
				en,
				Base,
			);
			mainGroup = 789A33F6283B8A1200B60A92;
			productRefGroup = 789A3400283B8A1200B60A92 /* Products */;
			projectDirPath = "";
			projectRoot = "";
			targets = (
				789A33FE283B8A1200B60A92 /* CoreDataTest */,
				789A3417283B8A1400B60A92 /* CoreDataTestTests */,
				789A3421283B8A1400B60A92 /* CoreDataTestUITests */,
			);
		};
/* End PBXProject section */

/* Begin PBXResourcesBuildPhase section */
		789A33FD283B8A1200B60A92 /* Resources */ = {
			isa = PBXResourcesBuildPhase;
			buildActionMask = 2147483647;
			files = (
				789A3412283B8A1400B60A92 /* LaunchScreen.storyboard in Resources */,
				789A340F283B8A1400B60A92 /* Assets.xcassets in Resources */,
				789A340A283B8A1200B60A92 /* Main.storyboard in Resources */,
			);
			runOnlyForDeploymentPostprocessing = 0;
		};
		789A3416283B8A1400B60A92 /* Resources */ = {
			isa = PBXResourcesBuildPhase;
			buildActionMask = 2147483647;
			files = (
			);
			runOnlyForDeploymentPostprocessing = 0;
		};
		789A3420283B8A1400B60A92 /* Resources */ = {
			isa = PBXResourcesBuildPhase;
			buildActionMask = 2147483647;
			files = (
			);
			runOnlyForDeploymentPostprocessing = 0;
		};
/* End PBXResourcesBuildPhase section */

/* Begin PBXSourcesBuildPhase section */
		789A33FB283B8A1200B60A92 /* Sources */ = {
			isa = PBXSourcesBuildPhase;
			buildActionMask = 2147483647;
			files = (
				789A340D283B8A1200B60A92 /* CoreDataTest.xcdatamodeld in Sources */,
				789A3407283B8A1200B60A92 /* ViewController.swift in Sources */,
				789A3403283B8A1200B60A92 /* AppDelegate.swift in Sources */,
				789A3405283B8A1200B60A92 /* SceneDelegate.swift in Sources */,
			);
			runOnlyForDeploymentPostprocessing = 0;
		};
		789A3414283B8A1400B60A92 /* Sources */ = {
			isa = PBXSourcesBuildPhase;
			buildActionMask = 2147483647;
			files = (
				789A341D283B8A1400B60A92 /* CoreDataTestTests.swift in Sources */,
			);
			runOnlyForDeploymentPostprocessing = 0;
		};
		789A341E283B8A1400B60A92 /* Sources */ = {
			isa = PBXSourcesBuildPhase;
			buildActionMask = 2147483647;
			files = (
				789A3427283B8A1400B60A92 /* CoreDataTestUITests.swift in Sources */,
				789A3429283B8A1400B60A92 /* CoreDataTestUITestsLaunchTests.swift in Sources */,
			);
			runOnlyForDeploymentPostprocessing = 0;
		};
/* End PBXSourcesBuildPhase section */

/* Begin PBXTargetDependency section */
		789A341A283B8A1400B60A92 /* PBXTargetDependency */ = {
			isa = PBXTargetDependency;
			target = 789A33FE283B8A1200B60A92 /* CoreDataTest */;
			targetProxy = 789A3419283B8A1400B60A92 /* PBXContainerItemProxy */;
		};
		789A3424283B8A1400B60A92 /* PBXTargetDependency */ = {
			isa = PBXTargetDependency;
			target = 789A33FE283B8A1200B60A92 /* CoreDataTest */;
			targetProxy = 789A3423283B8A1400B60A92 /* PBXContainerItemProxy */;
		};
/* End PBXTargetDependency section */

/* Begin PBXVariantGroup section */
		789A3408283B8A1200B60A92 /* Main.storyboard */ = {
			isa = PBXVariantGroup;
			children = (
				789A3409283B8A1200B60A92 /* Base */,
			);
			name = Main.storyboard;
			sourceTree = "<group>";
		};
		789A3410283B8A1400B60A92 /* LaunchScreen.storyboard */ = {
			isa = PBXVariantGroup;
			children = (
				789A3411283B8A1400B60A92 /* Base */,
			);
			name = LaunchScreen.storyboard;
			sourceTree = "<group>";
		};
/* End PBXVariantGroup section */

/* Begin XCBuildConfiguration section */
		789A342A283B8A1400B60A92 /* Debug */ = {
			isa = XCBuildConfiguration;
			buildSettings = {
				ALWAYS_SEARCH_USER_PATHS = NO;
				CLANG_ANALYZER_NONNULL = YES;
				CLANG_ANALYZER_NUMBER_OBJECT_CONVERSION = YES_AGGRESSIVE;
				CLANG_CXX_LANGUAGE_STANDARD = "gnu++17";
				CLANG_CXX_LIBRARY = "libc++";
				CLANG_ENABLE_MODULES = YES;
				CLANG_ENABLE_OBJC_ARC = YES;
				CLANG_ENABLE_OBJC_WEAK = YES;
				CLANG_WARN_BLOCK_CAPTURE_AUTORELEASING = YES;
				CLANG_WARN_BOOL_CONVERSION = YES;
				CLANG_WARN_COMMA = YES;
				CLANG_WARN_CONSTANT_CONVERSION = YES;
				CLANG_WARN_DEPRECATED_OBJC_IMPLEMENTATIONS = YES;
				CLANG_WARN_DIRECT_OBJC_ISA_USAGE = YES_ERROR;
				CLANG_WARN_DOCUMENTATION_COMMENTS = YES;
				CLANG_WARN_EMPTY_BODY = YES;
				CLANG_WARN_ENUM_CONVERSION = YES;
				CLANG_WARN_INFINITE_RECURSION = YES;
				CLANG_WARN_INT_CONVERSION = YES;
				CLANG_WARN_NON_LITERAL_NULL_CONVERSION = YES;
				CLANG_WARN_OBJC_IMPLICIT_RETAIN_SELF = YES;
				CLANG_WARN_OBJC_LITERAL_CONVERSION = YES;
				CLANG_WARN_OBJC_ROOT_CLASS = YES_ERROR;
				CLANG_WARN_QUOTED_INCLUDE_IN_FRAMEWORK_HEADER = YES;
				CLANG_WARN_RANGE_LOOP_ANALYSIS = YES;
				CLANG_WARN_STRICT_PROTOTYPES = YES;
				CLANG_WARN_SUSPICIOUS_MOVE = YES;
				CLANG_WARN_UNGUARDED_AVAILABILITY = YES_AGGRESSIVE;
				CLANG_WARN_UNREACHABLE_CODE = YES;
				CLANG_WARN__DUPLICATE_METHOD_MATCH = YES;
				COPY_PHASE_STRIP = NO;
				DEBUG_INFORMATION_FORMAT = dwarf;
				ENABLE_STRICT_OBJC_MSGSEND = YES;
				ENABLE_TESTABILITY = YES;
				GCC_C_LANGUAGE_STANDARD = gnu11;
				GCC_DYNAMIC_NO_PIC = NO;
				GCC_NO_COMMON_BLOCKS = YES;
				GCC_OPTIMIZATION_LEVEL = 0;
				GCC_PREPROCESSOR_DEFINITIONS = (
					"DEBUG=1",
					"$(inherited)",
				);
				GCC_WARN_64_TO_32_BIT_CONVERSION = YES;
				GCC_WARN_ABOUT_RETURN_TYPE = YES_ERROR;
				GCC_WARN_UNDECLARED_SELECTOR = YES;
				GCC_WARN_UNINITIALIZED_AUTOS = YES_AGGRESSIVE;
				GCC_WARN_UNUSED_FUNCTION = YES;
				GCC_WARN_UNUSED_VARIABLE = YES;
				IPHONEOS_DEPLOYMENT_TARGET = 15.0;
				MTL_ENABLE_DEBUG_INFO = INCLUDE_SOURCE;
				MTL_FAST_MATH = YES;
				ONLY_ACTIVE_ARCH = YES;
				SDKROOT = iphoneos;
				SWIFT_ACTIVE_COMPILATION_CONDITIONS = DEBUG;
				SWIFT_OPTIMIZATION_LEVEL = "-Onone";
			};
			name = Debug;
		};
		789A342B283B8A1400B60A92 /* Release */ = {
			isa = XCBuildConfiguration;
			buildSettings = {
				ALWAYS_SEARCH_USER_PATHS = NO;
				CLANG_ANALYZER_NONNULL = YES;
				CLANG_ANALYZER_NUMBER_OBJECT_CONVERSION = YES_AGGRESSIVE;
				CLANG_CXX_LANGUAGE_STANDARD = "gnu++17";
				CLANG_CXX_LIBRARY = "libc++";
				CLANG_ENABLE_MODULES = YES;
				CLANG_ENABLE_OBJC_ARC = YES;
				CLANG_ENABLE_OBJC_WEAK = YES;
				CLANG_WARN_BLOCK_CAPTURE_AUTORELEASING = YES;
				CLANG_WARN_BOOL_CONVERSION = YES;
				CLANG_WARN_COMMA = YES;
				CLANG_WARN_CONSTANT_CONVERSION = YES;
				CLANG_WARN_DEPRECATED_OBJC_IMPLEMENTATIONS = YES;
				CLANG_WARN_DIRECT_OBJC_ISA_USAGE = YES_ERROR;
				CLANG_WARN_DOCUMENTATION_COMMENTS = YES;
				CLANG_WARN_EMPTY_BODY = YES;
				CLANG_WARN_ENUM_CONVERSION = YES;
				CLANG_WARN_INFINITE_RECURSION = YES;
				CLANG_WARN_INT_CONVERSION = YES;
				CLANG_WARN_NON_LITERAL_NULL_CONVERSION = YES;
				CLANG_WARN_OBJC_IMPLICIT_RETAIN_SELF = YES;
				CLANG_WARN_OBJC_LITERAL_CONVERSION = YES;
				CLANG_WARN_OBJC_ROOT_CLASS = YES_ERROR;
				CLANG_WARN_QUOTED_INCLUDE_IN_FRAMEWORK_HEADER = YES;
				CLANG_WARN_RANGE_LOOP_ANALYSIS = YES;
				CLANG_WARN_STRICT_PROTOTYPES = YES;
				CLANG_WARN_SUSPICIOUS_MOVE = YES;
				CLANG_WARN_UNGUARDED_AVAILABILITY = YES_AGGRESSIVE;
				CLANG_WARN_UNREACHABLE_CODE = YES;
				CLANG_WARN__DUPLICATE_METHOD_MATCH = YES;
				COPY_PHASE_STRIP = NO;
				DEBUG_INFORMATION_FORMAT = "dwarf-with-dsym";
				ENABLE_NS_ASSERTIONS = NO;
				ENABLE_STRICT_OBJC_MSGSEND = YES;
				GCC_C_LANGUAGE_STANDARD = gnu11;
				GCC_NO_COMMON_BLOCKS = YES;
				GCC_WARN_64_TO_32_BIT_CONVERSION = YES;
				GCC_WARN_ABOUT_RETURN_TYPE = YES_ERROR;
				GCC_WARN_UNDECLARED_SELECTOR = YES;
				GCC_WARN_UNINITIALIZED_AUTOS = YES_AGGRESSIVE;
				GCC_WARN_UNUSED_FUNCTION = YES;
				GCC_WARN_UNUSED_VARIABLE = YES;
				IPHONEOS_DEPLOYMENT_TARGET = 15.0;
				MTL_ENABLE_DEBUG_INFO = NO;
				MTL_FAST_MATH = YES;
				SDKROOT = iphoneos;
				SWIFT_COMPILATION_MODE = wholemodule;
				SWIFT_OPTIMIZATION_LEVEL = "-O";
				VALIDATE_PRODUCT = YES;
			};
			name = Release;
		};
		789A342D283B8A1400B60A92 /* Debug */ = {
			isa = XCBuildConfiguration;
			buildSettings = {
				ASSETCATALOG_COMPILER_APPICON_NAME = AppIcon;
				ASSETCATALOG_COMPILER_GLOBAL_ACCENT_COLOR_NAME = AccentColor;
				CODE_SIGN_STYLE = Automatic;
				CURRENT_PROJECT_VERSION = 1;
				DEVELOPMENT_TEAM = W48V737Q4L;
				GENERATE_INFOPLIST_FILE = YES;
				INFOPLIST_FILE = CoreDataTest/Info.plist;
				INFOPLIST_KEY_UIApplicationSupportsIndirectInputEvents = YES;
				INFOPLIST_KEY_UILaunchStoryboardName = LaunchScreen;
				INFOPLIST_KEY_UIMainStoryboardFile = Main;
				INFOPLIST_KEY_UISupportedInterfaceOrientations_iPad = "UIInterfaceOrientationPortrait UIInterfaceOrientationPortraitUpsideDown UIInterfaceOrientationLandscapeLeft UIInterfaceOrientationLandscapeRight";
				INFOPLIST_KEY_UISupportedInterfaceOrientations_iPhone = "UIInterfaceOrientationPortrait UIInterfaceOrientationLandscapeLeft UIInterfaceOrientationLandscapeRight";
				LD_RUNPATH_SEARCH_PATHS = (
					"$(inherited)",
					"@executable_path/Frameworks",
				);
				MARKETING_VERSION = 1.0;
				PRODUCT_BUNDLE_IDENTIFIER = scar.customer.app.brilion.CoreDataTest;
				PRODUCT_NAME = "$(TARGET_NAME)";
				SWIFT_EMIT_LOC_STRINGS = YES;
				SWIFT_VERSION = 5.0;
				TARGETED_DEVICE_FAMILY = "1,2";
			};
			name = Debug;
		};
		789A342E283B8A1400B60A92 /* Release */ = {
			isa = XCBuildConfiguration;
			buildSettings = {
				ASSETCATALOG_COMPILER_APPICON_NAME = AppIcon;
				ASSETCATALOG_COMPILER_GLOBAL_ACCENT_COLOR_NAME = AccentColor;
				CODE_SIGN_STYLE = Automatic;
				CURRENT_PROJECT_VERSION = 1;
				DEVELOPMENT_TEAM = W48V737Q4L;
				GENERATE_INFOPLIST_FILE = YES;
				INFOPLIST_FILE = CoreDataTest/Info.plist;
				INFOPLIST_KEY_UIApplicationSupportsIndirectInputEvents = YES;
				INFOPLIST_KEY_UILaunchStoryboardName = LaunchScreen;
				INFOPLIST_KEY_UIMainStoryboardFile = Main;
				INFOPLIST_KEY_UISupportedInterfaceOrientations_iPad = "UIInterfaceOrientationPortrait UIInterfaceOrientationPortraitUpsideDown UIInterfaceOrientationLandscapeLeft UIInterfaceOrientationLandscapeRight";
				INFOPLIST_KEY_UISupportedInterfaceOrientations_iPhone = "UIInterfaceOrientationPortrait UIInterfaceOrientationLandscapeLeft UIInterfaceOrientationLandscapeRight";
				LD_RUNPATH_SEARCH_PATHS = (
					"$(inherited)",
					"@executable_path/Frameworks",
				);
				MARKETING_VERSION = 1.0;
				PRODUCT_BUNDLE_IDENTIFIER = scar.customer.app.brilion.CoreDataTest;
				PRODUCT_NAME = "$(TARGET_NAME)";
				SWIFT_EMIT_LOC_STRINGS = YES;
				SWIFT_VERSION = 5.0;
				TARGETED_DEVICE_FAMILY = "1,2";
			};
			name = Release;
		};
		789A3430283B8A1400B60A92 /* Debug */ = {
			isa = XCBuildConfiguration;
			buildSettings = {
				ALWAYS_EMBED_SWIFT_STANDARD_LIBRARIES = YES;
				BUNDLE_LOADER = "$(TEST_HOST)";
				CODE_SIGN_STYLE = Automatic;
				CURRENT_PROJECT_VERSION = 1;
				DEVELOPMENT_TEAM = W48V737Q4L;
				GENERATE_INFOPLIST_FILE = YES;
				IPHONEOS_DEPLOYMENT_TARGET = 15.0;
				LD_RUNPATH_SEARCH_PATHS = (
					"$(inherited)",
					"@executable_path/Frameworks",
					"@loader_path/Frameworks",
				);
				MARKETING_VERSION = 1.0;
				PRODUCT_BUNDLE_IDENTIFIER = scar.customer.app.brilion.CoreDataTestTests;
				PRODUCT_NAME = "$(TARGET_NAME)";
				SWIFT_EMIT_LOC_STRINGS = NO;
				SWIFT_VERSION = 5.0;
				TARGETED_DEVICE_FAMILY = "1,2";
				TEST_HOST = "$(BUILT_PRODUCTS_DIR)/CoreDataTest.app/CoreDataTest";
			};
			name = Debug;
		};
		789A3431283B8A1400B60A92 /* Release */ = {
			isa = XCBuildConfiguration;
			buildSettings = {
				ALWAYS_EMBED_SWIFT_STANDARD_LIBRARIES = YES;
				BUNDLE_LOADER = "$(TEST_HOST)";
				CODE_SIGN_STYLE = Automatic;
				CURRENT_PROJECT_VERSION = 1;
				DEVELOPMENT_TEAM = W48V737Q4L;
				GENERATE_INFOPLIST_FILE = YES;
				IPHONEOS_DEPLOYMENT_TARGET = 15.0;
				LD_RUNPATH_SEARCH_PATHS = (
					"$(inherited)",
					"@executable_path/Frameworks",
					"@loader_path/Frameworks",
				);
				MARKETING_VERSION = 1.0;
				PRODUCT_BUNDLE_IDENTIFIER = scar.customer.app.brilion.CoreDataTestTests;
				PRODUCT_NAME = "$(TARGET_NAME)";
				SWIFT_EMIT_LOC_STRINGS = NO;
				SWIFT_VERSION = 5.0;
				TARGETED_DEVICE_FAMILY = "1,2";
				TEST_HOST = "$(BUILT_PRODUCTS_DIR)/CoreDataTest.app/CoreDataTest";
			};
			name = Release;
		};
		789A3433283B8A1400B60A92 /* Debug */ = {
			isa = XCBuildConfiguration;
			buildSettings = {
				ALWAYS_EMBED_SWIFT_STANDARD_LIBRARIES = YES;
				CODE_SIGN_STYLE = Automatic;
				CURRENT_PROJECT_VERSION = 1;
				DEVELOPMENT_TEAM = W48V737Q4L;
				GENERATE_INFOPLIST_FILE = YES;
				LD_RUNPATH_SEARCH_PATHS = (
					"$(inherited)",
					"@executable_path/Frameworks",
					"@loader_path/Frameworks",
				);
				MARKETING_VERSION = 1.0;
				PRODUCT_BUNDLE_IDENTIFIER = scar.customer.app.brilion.CoreDataTestUITests;
				PRODUCT_NAME = "$(TARGET_NAME)";
				SWIFT_EMIT_LOC_STRINGS = NO;
				SWIFT_VERSION = 5.0;
				TARGETED_DEVICE_FAMILY = "1,2";
				TEST_TARGET_NAME = CoreDataTest;
			};
			name = Debug;
		};
		789A3434283B8A1400B60A92 /* Release */ = {
			isa = XCBuildConfiguration;
			buildSettings = {
				ALWAYS_EMBED_SWIFT_STANDARD_LIBRARIES = YES;
				CODE_SIGN_STYLE = Automatic;
				CURRENT_PROJECT_VERSION = 1;
				DEVELOPMENT_TEAM = W48V737Q4L;
				GENERATE_INFOPLIST_FILE = YES;
				LD_RUNPATH_SEARCH_PATHS = (
					"$(inherited)",
					"@executable_path/Frameworks",
					"@loader_path/Frameworks",
				);
				MARKETING_VERSION = 1.0;
				PRODUCT_BUNDLE_IDENTIFIER = scar.customer.app.brilion.CoreDataTestUITests;
				PRODUCT_NAME = "$(TARGET_NAME)";
				SWIFT_EMIT_LOC_STRINGS = NO;
				SWIFT_VERSION = 5.0;
				TARGETED_DEVICE_FAMILY = "1,2";
				TEST_TARGET_NAME = CoreDataTest;
			};
			name = Release;
		};
/* End XCBuildConfiguration section */

/* Begin XCConfigurationList section */
		789A33FA283B8A1200B60A92 /* Build configuration list for PBXProject "CoreDataTest" */ = {
			isa = XCConfigurationList;
			buildConfigurations = (
				789A342A283B8A1400B60A92 /* Debug */,
				789A342B283B8A1400B60A92 /* Release */,
			);
			defaultConfigurationIsVisible = 0;
			defaultConfigurationName = Release;
		};
		789A342C283B8A1400B60A92 /* Build configuration list for PBXNativeTarget "CoreDataTest" */ = {
			isa = XCConfigurationList;
			buildConfigurations = (
				789A342D283B8A1400B60A92 /* Debug */,
				789A342E283B8A1400B60A92 /* Release */,
			);
			defaultConfigurationIsVisible = 0;
			defaultConfigurationName = Release;
		};
		789A342F283B8A1400B60A92 /* Build configuration list for PBXNativeTarget "CoreDataTestTests" */ = {
			isa = XCConfigurationList;
			buildConfigurations = (
				789A3430283B8A1400B60A92 /* Debug */,
				789A3431283B8A1400B60A92 /* Release */,
			);
			defaultConfigurationIsVisible = 0;
			defaultConfigurationName = Release;
		};
		789A3432283B8A1400B60A92 /* Build configuration list for PBXNativeTarget "CoreDataTestUITests" */ = {
			isa = XCConfigurationList;
			buildConfigurations = (
				789A3433283B8A1400B60A92 /* Debug */,
				789A3434283B8A1400B60A92 /* Release */,
			);
			defaultConfigurationIsVisible = 0;
			defaultConfigurationName = Release;
		};
/* End XCConfigurationList section */

/* Begin XCVersionGroup section */
		789A340B283B8A1200B60A92 /* CoreDataTest.xcdatamodeld */ = {
			isa = XCVersionGroup;
			children = (
				789A340C283B8A1200B60A92 /* CoreDataTest.xcdatamodel */,
			);
			currentVersion = 789A340C283B8A1200B60A92 /* CoreDataTest.xcdatamodel */;
			path = CoreDataTest.xcdatamodeld;
			sourceTree = "<group>";
			versionGroupType = wrapper.xcdatamodel;
		};
/* End XCVersionGroup section */
	};
	rootObject = 789A33F7283B8A1200B60A92 /* Project object */;
}
